// !$*UTF8*$!
{
	archiveVersion = 1;
	classes = {
	};
	objectVersion = 50;
	objects = {

/* Begin PBXBuildFile section */
		0430D51924CF69F600A91F89 /* AppDelegate.swift in Sources */ = {isa = PBXBuildFile; fileRef = 0430D51824CF69F600A91F89 /* AppDelegate.swift */; };
		0430D51B24CF69F600A91F89 /* SceneDelegate.swift in Sources */ = {isa = PBXBuildFile; fileRef = 0430D51A24CF69F600A91F89 /* SceneDelegate.swift */; };
		0430D51D24CF69F600A91F89 /* ViewController.swift in Sources */ = {isa = PBXBuildFile; fileRef = 0430D51C24CF69F600A91F89 /* ViewController.swift */; };
		0430D52024CF69F600A91F89 /* Main.storyboard in Resources */ = {isa = PBXBuildFile; fileRef = 0430D51E24CF69F600A91F89 /* Main.storyboard */; };
		0430D52224CF69FB00A91F89 /* Assets.xcassets in Resources */ = {isa = PBXBuildFile; fileRef = 0430D52124CF69FB00A91F89 /* Assets.xcassets */; };
		0430D52524CF69FB00A91F89 /* LaunchScreen.storyboard in Resources */ = {isa = PBXBuildFile; fileRef = 0430D52324CF69FB00A91F89 /* LaunchScreen.storyboard */; };
		04F024F224D08D350081F1C7 /* usMap.swift in Sources */ = {isa = PBXBuildFile; fileRef = 04F024F124D08D350081F1C7 /* usMap.swift */; };
		04F024F424D08EC90081F1C7 /* california.swift in Sources */ = {isa = PBXBuildFile; fileRef = 04F024F324D08EC90081F1C7 /* california.swift */; };
		04F024F624D08EEE0081F1C7 /* missouri.swift in Sources */ = {isa = PBXBuildFile; fileRef = 04F024F524D08EEE0081F1C7 /* missouri.swift */; };
		04F024F824D08EFA0081F1C7 /* illinois.swift in Sources */ = {isa = PBXBuildFile; fileRef = 04F024F724D08EFA0081F1C7 /* illinois.swift */; };
		04F024FA24D093620081F1C7 /* chicago.swift in Sources */ = {isa = PBXBuildFile; fileRef = 04F024F924D093620081F1C7 /* chicago.swift */; };
		04F024FC24D093700081F1C7 /* stLouis.swift in Sources */ = {isa = PBXBuildFile; fileRef = 04F024FB24D093700081F1C7 /* stLouis.swift */; };
		04F024FE24D0937D0081F1C7 /* sanFrancisco.swift in Sources */ = {isa = PBXBuildFile; fileRef = 04F024FD24D0937D0081F1C7 /* sanFrancisco.swift */; };
		04F0250024D0977A0081F1C7 /* foodStl.swift in Sources */ = {isa = PBXBuildFile; fileRef = 04F024FF24D0977A0081F1C7 /* foodStl.swift */; };
		04F0250224D0978B0081F1C7 /* popCultureStl.swift in Sources */ = {isa = PBXBuildFile; fileRef = 04F0250124D0978B0081F1C7 /* popCultureStl.swift */; };
		04F0250424D097980081F1C7 /* celebritiesStl.swift in Sources */ = {isa = PBXBuildFile; fileRef = 04F0250324D097980081F1C7 /* celebritiesStl.swift */; };
		04F0250624D097B10081F1C7 /* placesStl.swift in Sources */ = {isa = PBXBuildFile; fileRef = 04F0250524D097B10081F1C7 /* placesStl.swift */; };
		04F0250824D0A8640081F1C7 /* popCultureSF.swift in Sources */ = {isa = PBXBuildFile; fileRef = 04F0250724D0A8640081F1C7 /* popCultureSF.swift */; };
		04F0250A24D0A8770081F1C7 /* placesSF.swift in Sources */ = {isa = PBXBuildFile; fileRef = 04F0250924D0A8770081F1C7 /* placesSF.swift */; };
		04F0250C24D0A8830081F1C7 /* photosSF.swift in Sources */ = {isa = PBXBuildFile; fileRef = 04F0250B24D0A8830081F1C7 /* photosSF.swift */; };
		04F0250E24D0A88E0081F1C7 /* foodSF.swift in Sources */ = {isa = PBXBuildFile; fileRef = 04F0250D24D0A88E0081F1C7 /* foodSF.swift */; };
		04F0251024D0A8AC0081F1C7 /* muralsSF.swift in Sources */ = {isa = PBXBuildFile; fileRef = 04F0250F24D0A8AC0081F1C7 /* muralsSF.swift */; };
		04F0251224D0AB470081F1C7 /* celebritiesSF.swift in Sources */ = {isa = PBXBuildFile; fileRef = 04F0251124D0AB470081F1C7 /* celebritiesSF.swift */; };
		04F0251424D0ABAA0081F1C7 /* placesCHI.swift in Sources */ = {isa = PBXBuildFile; fileRef = 04F0251324D0ABAA0081F1C7 /* placesCHI.swift */; };
		04F0251624D0ABB60081F1C7 /* foodCHI.swift in Sources */ = {isa = PBXBuildFile; fileRef = 04F0251524D0ABB60081F1C7 /* foodCHI.swift */; };
		04F0251824D0ABC50081F1C7 /* popCultureCHI.swift in Sources */ = {isa = PBXBuildFile; fileRef = 04F0251724D0ABC50081F1C7 /* popCultureCHI.swift */; };
		04F0251A24D0ABD60081F1C7 /* celebritiesCHI.swift in Sources */ = {isa = PBXBuildFile; fileRef = 04F0251924D0ABD60081F1C7 /* celebritiesCHI.swift */; };
		DA8074AD24D28E5300E3E704 /* matchaViewController.swift in Sources */ = {isa = PBXBuildFile; fileRef = DA8074AC24D28E5300E3E704 /* matchaViewController.swift */; };
/* End PBXBuildFile section */

/* Begin PBXFileReference section */
		0430D51524CF69F600A91F89 /* hiddenGems.app */ = {isa = PBXFileReference; explicitFileType = wrapper.application; includeInIndex = 0; path = hiddenGems.app; sourceTree = BUILT_PRODUCTS_DIR; };
		0430D51824CF69F600A91F89 /* AppDelegate.swift */ = {isa = PBXFileReference; lastKnownFileType = sourcecode.swift; path = AppDelegate.swift; sourceTree = "<group>"; };
		0430D51A24CF69F600A91F89 /* SceneDelegate.swift */ = {isa = PBXFileReference; lastKnownFileType = sourcecode.swift; path = SceneDelegate.swift; sourceTree = "<group>"; };
		0430D51C24CF69F600A91F89 /* ViewController.swift */ = {isa = PBXFileReference; lastKnownFileType = sourcecode.swift; path = ViewController.swift; sourceTree = "<group>"; };
		0430D51F24CF69F600A91F89 /* Base */ = {isa = PBXFileReference; lastKnownFileType = file.storyboard; name = Base; path = Base.lproj/Main.storyboard; sourceTree = "<group>"; };
		0430D52124CF69FB00A91F89 /* Assets.xcassets */ = {isa = PBXFileReference; lastKnownFileType = folder.assetcatalog; path = Assets.xcassets; sourceTree = "<group>"; };
		0430D52424CF69FB00A91F89 /* Base */ = {isa = PBXFileReference; lastKnownFileType = file.storyboard; name = Base; path = Base.lproj/LaunchScreen.storyboard; sourceTree = "<group>"; };
		0430D52624CF69FB00A91F89 /* Info.plist */ = {isa = PBXFileReference; lastKnownFileType = text.plist.xml; path = Info.plist; sourceTree = "<group>"; };
		04F024F124D08D350081F1C7 /* usMap.swift */ = {isa = PBXFileReference; lastKnownFileType = sourcecode.swift; path = usMap.swift; sourceTree = "<group>"; };
		04F024F324D08EC90081F1C7 /* california.swift */ = {isa = PBXFileReference; lastKnownFileType = sourcecode.swift; path = california.swift; sourceTree = "<group>"; };
		04F024F524D08EEE0081F1C7 /* missouri.swift */ = {isa = PBXFileReference; lastKnownFileType = sourcecode.swift; path = missouri.swift; sourceTree = "<group>"; };
		04F024F724D08EFA0081F1C7 /* illinois.swift */ = {isa = PBXFileReference; lastKnownFileType = sourcecode.swift; path = illinois.swift; sourceTree = "<group>"; };
		04F024F924D093620081F1C7 /* chicago.swift */ = {isa = PBXFileReference; lastKnownFileType = sourcecode.swift; path = chicago.swift; sourceTree = "<group>"; };
		04F024FB24D093700081F1C7 /* stLouis.swift */ = {isa = PBXFileReference; lastKnownFileType = sourcecode.swift; path = stLouis.swift; sourceTree = "<group>"; };
		04F024FD24D0937D0081F1C7 /* sanFrancisco.swift */ = {isa = PBXFileReference; lastKnownFileType = sourcecode.swift; path = sanFrancisco.swift; sourceTree = "<group>"; };
		04F024FF24D0977A0081F1C7 /* foodStl.swift */ = {isa = PBXFileReference; lastKnownFileType = sourcecode.swift; path = foodStl.swift; sourceTree = "<group>"; };
		04F0250124D0978B0081F1C7 /* popCultureStl.swift */ = {isa = PBXFileReference; lastKnownFileType = sourcecode.swift; path = popCultureStl.swift; sourceTree = "<group>"; };
		04F0250324D097980081F1C7 /* celebritiesStl.swift */ = {isa = PBXFileReference; lastKnownFileType = sourcecode.swift; path = celebritiesStl.swift; sourceTree = "<group>"; };
		04F0250524D097B10081F1C7 /* placesStl.swift */ = {isa = PBXFileReference; lastKnownFileType = sourcecode.swift; path = placesStl.swift; sourceTree = "<group>"; };
		04F0250724D0A8640081F1C7 /* popCultureSF.swift */ = {isa = PBXFileReference; lastKnownFileType = sourcecode.swift; path = popCultureSF.swift; sourceTree = "<group>"; };
		04F0250924D0A8770081F1C7 /* placesSF.swift */ = {isa = PBXFileReference; lastKnownFileType = sourcecode.swift; path = placesSF.swift; sourceTree = "<group>"; };
		04F0250B24D0A8830081F1C7 /* photosSF.swift */ = {isa = PBXFileReference; lastKnownFileType = sourcecode.swift; path = photosSF.swift; sourceTree = "<group>"; };
		04F0250D24D0A88E0081F1C7 /* foodSF.swift */ = {isa = PBXFileReference; lastKnownFileType = sourcecode.swift; path = foodSF.swift; sourceTree = "<group>"; };
		04F0250F24D0A8AC0081F1C7 /* muralsSF.swift */ = {isa = PBXFileReference; lastKnownFileType = sourcecode.swift; path = muralsSF.swift; sourceTree = "<group>"; };
		04F0251124D0AB470081F1C7 /* celebritiesSF.swift */ = {isa = PBXFileReference; lastKnownFileType = sourcecode.swift; path = celebritiesSF.swift; sourceTree = "<group>"; };
		04F0251324D0ABAA0081F1C7 /* placesCHI.swift */ = {isa = PBXFileReference; lastKnownFileType = sourcecode.swift; path = placesCHI.swift; sourceTree = "<group>"; };
		04F0251524D0ABB60081F1C7 /* foodCHI.swift */ = {isa = PBXFileReference; lastKnownFileType = sourcecode.swift; path = foodCHI.swift; sourceTree = "<group>"; };
		04F0251724D0ABC50081F1C7 /* popCultureCHI.swift */ = {isa = PBXFileReference; lastKnownFileType = sourcecode.swift; path = popCultureCHI.swift; sourceTree = "<group>"; };
		04F0251924D0ABD60081F1C7 /* celebritiesCHI.swift */ = {isa = PBXFileReference; lastKnownFileType = sourcecode.swift; path = celebritiesCHI.swift; sourceTree = "<group>"; };
		DA8074AC24D28E5300E3E704 /* matchaViewController.swift */ = {isa = PBXFileReference; lastKnownFileType = sourcecode.swift; path = matchaViewController.swift; sourceTree = "<group>"; };
/* End PBXFileReference section */

/* Begin PBXFrameworksBuildPhase section */
		0430D51224CF69F600A91F89 /* Frameworks */ = {
			isa = PBXFrameworksBuildPhase;
			buildActionMask = 2147483647;
			files = (
			);
			runOnlyForDeploymentPostprocessing = 0;
		};
/* End PBXFrameworksBuildPhase section */

/* Begin PBXGroup section */
		0430D50C24CF69F600A91F89 = {
			isa = PBXGroup;
			children = (
				0430D51724CF69F600A91F89 /* hiddenGems */,
				0430D51624CF69F600A91F89 /* Products */,
			);
			sourceTree = "<group>";
		};
		0430D51624CF69F600A91F89 /* Products */ = {
			isa = PBXGroup;
			children = (
				0430D51524CF69F600A91F89 /* hiddenGems.app */,
			);
			name = Products;
			sourceTree = "<group>";
		};
		0430D51724CF69F600A91F89 /* hiddenGems */ = {
			isa = PBXGroup;
			children = (
				0430D51824CF69F600A91F89 /* AppDelegate.swift */,
				0430D51A24CF69F600A91F89 /* SceneDelegate.swift */,
				0430D51C24CF69F600A91F89 /* ViewController.swift */,
				DA8074AC24D28E5300E3E704 /* matchaViewController.swift */,
				04F024F124D08D350081F1C7 /* usMap.swift */,
				04F024F724D08EFA0081F1C7 /* illinois.swift */,
				04F024F924D093620081F1C7 /* chicago.swift */,
				04F0251924D0ABD60081F1C7 /* celebritiesCHI.swift */,
				04F0251724D0ABC50081F1C7 /* popCultureCHI.swift */,
				04F0251524D0ABB60081F1C7 /* foodCHI.swift */,
				04F0251324D0ABAA0081F1C7 /* placesCHI.swift */,
				04F024F524D08EEE0081F1C7 /* missouri.swift */,
				04F024FB24D093700081F1C7 /* stLouis.swift */,
				04F0250524D097B10081F1C7 /* placesStl.swift */,
				04F0250324D097980081F1C7 /* celebritiesStl.swift */,
				04F0250124D0978B0081F1C7 /* popCultureStl.swift */,
				04F024FF24D0977A0081F1C7 /* foodStl.swift */,
				04F024F324D08EC90081F1C7 /* california.swift */,
				04F024FD24D0937D0081F1C7 /* sanFrancisco.swift */,
				04F0251124D0AB470081F1C7 /* celebritiesSF.swift */,
				04F0250F24D0A8AC0081F1C7 /* muralsSF.swift */,
				04F0250D24D0A88E0081F1C7 /* foodSF.swift */,
				04F0250B24D0A8830081F1C7 /* photosSF.swift */,
				04F0250924D0A8770081F1C7 /* placesSF.swift */,
				04F0250724D0A8640081F1C7 /* popCultureSF.swift */,
				0430D51E24CF69F600A91F89 /* Main.storyboard */,
				0430D52124CF69FB00A91F89 /* Assets.xcassets */,
				0430D52324CF69FB00A91F89 /* LaunchScreen.storyboard */,
				0430D52624CF69FB00A91F89 /* Info.plist */,
			);
			path = hiddenGems;
			sourceTree = "<group>";
		};
/* End PBXGroup section */

/* Begin PBXNativeTarget section */
		0430D51424CF69F600A91F89 /* hiddenGems */ = {
			isa = PBXNativeTarget;
			buildConfigurationList = 0430D52924CF69FB00A91F89 /* Build configuration list for PBXNativeTarget "hiddenGems" */;
			buildPhases = (
				0430D51124CF69F600A91F89 /* Sources */,
				0430D51224CF69F600A91F89 /* Frameworks */,
				0430D51324CF69F600A91F89 /* Resources */,
			);
			buildRules = (
			);
			dependencies = (
			);
			name = hiddenGems;
			productName = hiddenGems;
			productReference = 0430D51524CF69F600A91F89 /* hiddenGems.app */;
			productType = "com.apple.product-type.application";
		};
/* End PBXNativeTarget section */

/* Begin PBXProject section */
		0430D50D24CF69F600A91F89 /* Project object */ = {
			isa = PBXProject;
			attributes = {
				LastSwiftUpdateCheck = 1150;
				LastUpgradeCheck = 1150;
				ORGANIZATIONNAME = "Esther Wang";
				TargetAttributes = {
					0430D51424CF69F600A91F89 = {
						CreatedOnToolsVersion = 11.5;
					};
				};
			};
			buildConfigurationList = 0430D51024CF69F600A91F89 /* Build configuration list for PBXProject "hiddenGems" */;
			compatibilityVersion = "Xcode 9.3";
			developmentRegion = en;
			hasScannedForEncodings = 0;
			knownRegions = (
				en,
				Base,
			);
			mainGroup = 0430D50C24CF69F600A91F89;
			productRefGroup = 0430D51624CF69F600A91F89 /* Products */;
			projectDirPath = "";
			projectRoot = "";
			targets = (
				0430D51424CF69F600A91F89 /* hiddenGems */,
			);
		};
/* End PBXProject section */

/* Begin PBXResourcesBuildPhase section */
		0430D51324CF69F600A91F89 /* Resources */ = {
			isa = PBXResourcesBuildPhase;
			buildActionMask = 2147483647;
			files = (
				0430D52524CF69FB00A91F89 /* LaunchScreen.storyboard in Resources */,
				0430D52224CF69FB00A91F89 /* Assets.xcassets in Resources */,
				0430D52024CF69F600A91F89 /* Main.storyboard in Resources */,
			);
			runOnlyForDeploymentPostprocessing = 0;
		};
/* End PBXResourcesBuildPhase section */

/* Begin PBXSourcesBuildPhase section */
		0430D51124CF69F600A91F89 /* Sources */ = {
			isa = PBXSourcesBuildPhase;
			buildActionMask = 2147483647;
			files = (
				04F024FC24D093700081F1C7 /* stLouis.swift in Sources */,
				04F0251024D0A8AC0081F1C7 /* muralsSF.swift in Sources */,
				04F0250024D0977A0081F1C7 /* foodStl.swift in Sources */,
				04F0250C24D0A8830081F1C7 /* photosSF.swift in Sources */,
				04F024F224D08D350081F1C7 /* usMap.swift in Sources */,
				0430D51D24CF69F600A91F89 /* ViewController.swift in Sources */,
				04F0250224D0978B0081F1C7 /* popCultureStl.swift in Sources */,
				04F0251424D0ABAA0081F1C7 /* placesCHI.swift in Sources */,
				04F024F624D08EEE0081F1C7 /* missouri.swift in Sources */,
				04F0250824D0A8640081F1C7 /* popCultureSF.swift in Sources */,
				04F0251624D0ABB60081F1C7 /* foodCHI.swift in Sources */,
				0430D51924CF69F600A91F89 /* AppDelegate.swift in Sources */,
				04F024F424D08EC90081F1C7 /* california.swift in Sources */,
				04F0250424D097980081F1C7 /* celebritiesStl.swift in Sources */,
				04F0250A24D0A8770081F1C7 /* placesSF.swift in Sources */,
				04F024F824D08EFA0081F1C7 /* illinois.swift in Sources */,
				04F0251224D0AB470081F1C7 /* celebritiesSF.swift in Sources */,
				04F024FE24D0937D0081F1C7 /* sanFrancisco.swift in Sources */,
				04F024FA24D093620081F1C7 /* chicago.swift in Sources */,
				0430D51B24CF69F600A91F89 /* SceneDelegate.swift in Sources */,
				DA8074AD24D28E5300E3E704 /* matchaViewController.swift in Sources */,
				04F0250E24D0A88E0081F1C7 /* foodSF.swift in Sources */,
				04F0251824D0ABC50081F1C7 /* popCultureCHI.swift in Sources */,
				04F0251A24D0ABD60081F1C7 /* celebritiesCHI.swift in Sources */,
				04F0250624D097B10081F1C7 /* placesStl.swift in Sources */,
			);
			runOnlyForDeploymentPostprocessing = 0;
		};
/* End PBXSourcesBuildPhase section */

/* Begin PBXVariantGroup section */
		0430D51E24CF69F600A91F89 /* Main.storyboard */ = {
			isa = PBXVariantGroup;
			children = (
				0430D51F24CF69F600A91F89 /* Base */,
			);
			name = Main.storyboard;
			sourceTree = "<group>";
		};
		0430D52324CF69FB00A91F89 /* LaunchScreen.storyboard */ = {
			isa = PBXVariantGroup;
			children = (
				0430D52424CF69FB00A91F89 /* Base */,
			);
			name = LaunchScreen.storyboard;
			sourceTree = "<group>";
		};
/* End PBXVariantGroup section */

/* Begin XCBuildConfiguration section */
		0430D52724CF69FB00A91F89 /* Debug */ = {
			isa = XCBuildConfiguration;
			buildSettings = {
				ALWAYS_SEARCH_USER_PATHS = NO;
				CLANG_ANALYZER_NONNULL = YES;
				CLANG_ANALYZER_NUMBER_OBJECT_CONVERSION = YES_AGGRESSIVE;
				CLANG_CXX_LANGUAGE_STANDARD = "gnu++14";
				CLANG_CXX_LIBRARY = "libc++";
				CLANG_ENABLE_MODULES = YES;
				CLANG_ENABLE_OBJC_ARC = YES;
				CLANG_ENABLE_OBJC_WEAK = YES;
				CLANG_WARN_BLOCK_CAPTURE_AUTORELEASING = YES;
				CLANG_WARN_BOOL_CONVERSION = YES;
				CLANG_WARN_COMMA = YES;
				CLANG_WARN_CONSTANT_CONVERSION = YES;
				CLANG_WARN_DEPRECATED_OBJC_IMPLEMENTATIONS = YES;
				CLANG_WARN_DIRECT_OBJC_ISA_USAGE = YES_ERROR;
				CLANG_WARN_DOCUMENTATION_COMMENTS = YES;
				CLANG_WARN_EMPTY_BODY = YES;
				CLANG_WARN_ENUM_CONVERSION = YES;
				CLANG_WARN_INFINITE_RECURSION = YES;
				CLANG_WARN_INT_CONVERSION = YES;
				CLANG_WARN_NON_LITERAL_NULL_CONVERSION = YES;
				CLANG_WARN_OBJC_IMPLICIT_RETAIN_SELF = YES;
				CLANG_WARN_OBJC_LITERAL_CONVERSION = YES;
				CLANG_WARN_OBJC_ROOT_CLASS = YES_ERROR;
				CLANG_WARN_RANGE_LOOP_ANALYSIS = YES;
				CLANG_WARN_STRICT_PROTOTYPES = YES;
				CLANG_WARN_SUSPICIOUS_MOVE = YES;
				CLANG_WARN_UNGUARDED_AVAILABILITY = YES_AGGRESSIVE;
				CLANG_WARN_UNREACHABLE_CODE = YES;
				CLANG_WARN__DUPLICATE_METHOD_MATCH = YES;
				COPY_PHASE_STRIP = NO;
				DEBUG_INFORMATION_FORMAT = dwarf;
				ENABLE_STRICT_OBJC_MSGSEND = YES;
				ENABLE_TESTABILITY = YES;
				GCC_C_LANGUAGE_STANDARD = gnu11;
				GCC_DYNAMIC_NO_PIC = NO;
				GCC_NO_COMMON_BLOCKS = YES;
				GCC_OPTIMIZATION_LEVEL = 0;
				GCC_PREPROCESSOR_DEFINITIONS = (
					"DEBUG=1",
					"$(inherited)",
				);
				GCC_WARN_64_TO_32_BIT_CONVERSION = YES;
				GCC_WARN_ABOUT_RETURN_TYPE = YES_ERROR;
				GCC_WARN_UNDECLARED_SELECTOR = YES;
				GCC_WARN_UNINITIALIZED_AUTOS = YES_AGGRESSIVE;
				GCC_WARN_UNUSED_FUNCTION = YES;
				GCC_WARN_UNUSED_VARIABLE = YES;
				IPHONEOS_DEPLOYMENT_TARGET = 13.5;
				MTL_ENABLE_DEBUG_INFO = INCLUDE_SOURCE;
				MTL_FAST_MATH = YES;
				ONLY_ACTIVE_ARCH = YES;
				SDKROOT = iphoneos;
				SWIFT_ACTIVE_COMPILATION_CONDITIONS = DEBUG;
				SWIFT_OPTIMIZATION_LEVEL = "-Onone";
			};
			name = Debug;
		};
		0430D52824CF69FB00A91F89 /* Release */ = {
			isa = XCBuildConfiguration;
			buildSettings = {
				ALWAYS_SEARCH_USER_PATHS = NO;
				CLANG_ANALYZER_NONNULL = YES;
				CLANG_ANALYZER_NUMBER_OBJECT_CONVERSION = YES_AGGRESSIVE;
				CLANG_CXX_LANGUAGE_STANDARD = "gnu++14";
				CLANG_CXX_LIBRARY = "libc++";
				CLANG_ENABLE_MODULES = YES;
				CLANG_ENABLE_OBJC_ARC = YES;
				CLANG_ENABLE_OBJC_WEAK = YES;
				CLANG_WARN_BLOCK_CAPTURE_AUTORELEASING = YES;
				CLANG_WARN_BOOL_CONVERSION = YES;
				CLANG_WARN_COMMA = YES;
				CLANG_WARN_CONSTANT_CONVERSION = YES;
				CLANG_WARN_DEPRECATED_OBJC_IMPLEMENTATIONS = YES;
				CLANG_WARN_DIRECT_OBJC_ISA_USAGE = YES_ERROR;
				CLANG_WARN_DOCUMENTATION_COMMENTS = YES;
				CLANG_WARN_EMPTY_BODY = YES;
				CLANG_WARN_ENUM_CONVERSION = YES;
				CLANG_WARN_INFINITE_RECURSION = YES;
				CLANG_WARN_INT_CONVERSION = YES;
				CLANG_WARN_NON_LITERAL_NULL_CONVERSION = YES;
				CLANG_WARN_OBJC_IMPLICIT_RETAIN_SELF = YES;
				CLANG_WARN_OBJC_LITERAL_CONVERSION = YES;
				CLANG_WARN_OBJC_ROOT_CLASS = YES_ERROR;
				CLANG_WARN_RANGE_LOOP_ANALYSIS = YES;
				CLANG_WARN_STRICT_PROTOTYPES = YES;
				CLANG_WARN_SUSPICIOUS_MOVE = YES;
				CLANG_WARN_UNGUARDED_AVAILABILITY = YES_AGGRESSIVE;
				CLANG_WARN_UNREACHABLE_CODE = YES;
				CLANG_WARN__DUPLICATE_METHOD_MATCH = YES;
				COPY_PHASE_STRIP = NO;
				DEBUG_INFORMATION_FORMAT = "dwarf-with-dsym";
				ENABLE_NS_ASSERTIONS = NO;
				ENABLE_STRICT_OBJC_MSGSEND = YES;
				GCC_C_LANGUAGE_STANDARD = gnu11;
				GCC_NO_COMMON_BLOCKS = YES;
				GCC_WARN_64_TO_32_BIT_CONVERSION = YES;
				GCC_WARN_ABOUT_RETURN_TYPE = YES_ERROR;
				GCC_WARN_UNDECLARED_SELECTOR = YES;
				GCC_WARN_UNINITIALIZED_AUTOS = YES_AGGRESSIVE;
				GCC_WARN_UNUSED_FUNCTION = YES;
				GCC_WARN_UNUSED_VARIABLE = YES;
				IPHONEOS_DEPLOYMENT_TARGET = 13.5;
				MTL_ENABLE_DEBUG_INFO = NO;
				MTL_FAST_MATH = YES;
				SDKROOT = iphoneos;
				SWIFT_COMPILATION_MODE = wholemodule;
				SWIFT_OPTIMIZATION_LEVEL = "-O";
				VALIDATE_PRODUCT = YES;
			};
			name = Release;
		};
		0430D52A24CF69FB00A91F89 /* Debug */ = {
			isa = XCBuildConfiguration;
			buildSettings = {
				ASSETCATALOG_COMPILER_APPICON_NAME = AppIcon;
				CODE_SIGN_STYLE = Automatic;
				INFOPLIST_FILE = hiddenGems/Info.plist;
				LD_RUNPATH_SEARCH_PATHS = (
					"$(inherited)",
					"@executable_path/Frameworks",
				);
				PRODUCT_BUNDLE_IDENTIFIER = KWK.hiddenGems;
				PRODUCT_NAME = "$(TARGET_NAME)";
				SWIFT_VERSION = 5.0;
				TARGETED_DEVICE_FAMILY = "1,2";
			};
			name = Debug;
		};
		0430D52B24CF69FB00A91F89 /* Release */ = {
			isa = XCBuildConfiguration;
			buildSettings = {
				ASSETCATALOG_COMPILER_APPICON_NAME = AppIcon;
				CODE_SIGN_STYLE = Automatic;
				INFOPLIST_FILE = hiddenGems/Info.plist;
				LD_RUNPATH_SEARCH_PATHS = (
					"$(inherited)",
					"@executable_path/Frameworks",
				);
				PRODUCT_BUNDLE_IDENTIFIER = KWK.hiddenGems;
				PRODUCT_NAME = "$(TARGET_NAME)";
				SWIFT_VERSION = 5.0;
				TARGETED_DEVICE_FAMILY = "1,2";
			};
			name = Release;
		};
/* End XCBuildConfiguration section */

/* Begin XCConfigurationList section */
		0430D51024CF69F600A91F89 /* Build configuration list for PBXProject "hiddenGems" */ = {
			isa = XCConfigurationList;
			buildConfigurations = (
				0430D52724CF69FB00A91F89 /* Debug */,
				0430D52824CF69FB00A91F89 /* Release */,
			);
			defaultConfigurationIsVisible = 0;
			defaultConfigurationName = Release;
		};
		0430D52924CF69FB00A91F89 /* Build configuration list for PBXNativeTarget "hiddenGems" */ = {
			isa = XCConfigurationList;
			buildConfigurations = (
				0430D52A24CF69FB00A91F89 /* Debug */,
				0430D52B24CF69FB00A91F89 /* Release */,
			);
			defaultConfigurationIsVisible = 0;
			defaultConfigurationName = Release;
		};
/* End XCConfigurationList section */
	};
	rootObject = 0430D50D24CF69F600A91F89 /* Project object */;
}
